
Microsoft Visual Studio Solution File, Format Version 12.00
# Visual Studio Version 17
VisualStudioVersion = 17.14.36212.18 d17.14
MinimumVisualStudioVersion = 10.0.40219.1
Project("{FAE04EC0-301F-11D3-BF4B-00C04F79EFBC}") = "ProductService.API", "ProductService.API\ProductService.API.csproj", "{53F8BD16-34D7-46F8-BD23-382AC1212D2E}"
EndProject
Project("{FAE04EC0-301F-11D3-BF4B-00C04F79EFBC}") = "ProductService.BLL", "ProductService.BLL\ProductService.BLL.csproj", "{9725F7BD-9B43-41EE-8E33-2255E89D493A}"
EndProject
Project("{FAE04EC0-301F-11D3-BF4B-00C04F79EFBC}") = "ProductService.DAL", "ProductService.DAL\ProductService.DAL.csproj", "{60916987-2A1A-4907-9EFB-675D38BD226D}"
EndProject
Global
	GlobalSection(SolutionConfigurationPlatforms) = preSolution
		Debug|Any CPU = Debug|Any CPU
		Release|Any CPU = Release|Any CPU
	EndGlobalSection
	GlobalSection(ProjectConfigurationPlatforms) = postSolution
		{53F8BD16-34D7-46F8-BD23-382AC1212D2E}.Debug|Any CPU.ActiveCfg = Debug|Any CPU
		{53F8BD16-34D7-46F8-BD23-382AC1212D2E}.Debug|Any CPU.Build.0 = Debug|Any CPU
		{53F8BD16-34D7-46F8-BD23-382AC1212D2E}.Release|Any CPU.ActiveCfg = Release|Any CPU
		{53F8BD16-34D7-46F8-BD23-382AC1212D2E}.Release|Any CPU.Build.0 = Release|Any CPU
		{9725F7BD-9B43-41EE-8E33-2255E89D493A}.Debug|Any CPU.ActiveCfg = Debug|Any CPU
		{9725F7BD-9B43-41EE-8E33-2255E89D493A}.Debug|Any CPU.Build.0 = Debug|Any CPU
		{9725F7BD-9B43-41EE-8E33-2255E89D493A}.Release|Any CPU.ActiveCfg = Release|Any CPU
		{9725F7BD-9B43-41EE-8E33-2255E89D493A}.Release|Any CPU.Build.0 = Release|Any CPU
		{60916987-2A1A-4907-9EFB-675D38BD226D}.Debug|Any CPU.ActiveCfg = Debug|Any CPU
		{60916987-2A1A-4907-9EFB-675D38BD226D}.Debug|Any CPU.Build.0 = Debug|Any CPU
		{60916987-2A1A-4907-9EFB-675D38BD226D}.Release|Any CPU.ActiveCfg = Release|Any CPU
		{60916987-2A1A-4907-9EFB-675D38BD226D}.Release|Any CPU.Build.0 = Release|Any CPU
	EndGlobalSection
	GlobalSection(SolutionProperties) = preSolution
		HideSolutionNode = FALSE
	EndGlobalSection
	GlobalSection(ExtensibilityGlobals) = postSolution
		SolutionGuid = {70C5386A-C588-4862-BC6F-D0C39DA09FCF}
	EndGlobalSection
EndGlobal
